// !$*UTF8*$!
{
	archiveVersion = 1;
	classes = {
	};
	objectVersion = 50;
	objects = {

/* Begin PBXBuildFile section */
		2CC77650250F712900DC855E /* AppDelegate.swift in Sources */ = {isa = PBXBuildFile; fileRef = 2CC7764F250F712900DC855E /* AppDelegate.swift */; };
		2CC77654250F712900DC855E /* ViewController.swift in Sources */ = {isa = PBXBuildFile; fileRef = 2CC77653250F712900DC855E /* ViewController.swift */; };
		2CC77657250F712900DC855E /* Main.storyboard in Resources */ = {isa = PBXBuildFile; fileRef = 2CC77655250F712900DC855E /* Main.storyboard */; };
		2CC77659250F712B00DC855E /* Assets.xcassets in Resources */ = {isa = PBXBuildFile; fileRef = 2CC77658250F712B00DC855E /* Assets.xcassets */; };
		2CC7765C250F712B00DC855E /* LaunchScreen.storyboard in Resources */ = {isa = PBXBuildFile; fileRef = 2CC7765A250F712B00DC855E /* LaunchScreen.storyboard */; };
		2CC77664250F730900DC855E /* CustomTabBarController.swift in Sources */ = {isa = PBXBuildFile; fileRef = 2CC77663250F730900DC855E /* CustomTabBarController.swift */; };
		2CC77666250F75B700DC855E /* TabBarDelegate.swift in Sources */ = {isa = PBXBuildFile; fileRef = 2CC77665250F75B700DC855E /* TabBarDelegate.swift */; };
/* End PBXBuildFile section */

/* Begin PBXFileReference section */
		2CC7764C250F712900DC855E /* CustomTabBarAnim.app */ = {isa = PBXFileReference; explicitFileType = wrapper.application; includeInIndex = 0; path = CustomTabBarAnim.app; sourceTree = BUILT_PRODUCTS_DIR; };
		2CC7764F250F712900DC855E /* AppDelegate.swift */ = {isa = PBXFileReference; lastKnownFileType = sourcecode.swift; path = AppDelegate.swift; sourceTree = "<group>"; };
		2CC77653250F712900DC855E /* ViewController.swift */ = {isa = PBXFileReference; lastKnownFileType = sourcecode.swift; path = ViewController.swift; sourceTree = "<group>"; };
		2CC77656250F712900DC855E /* Base */ = {isa = PBXFileReference; lastKnownFileType = file.storyboard; name = Base; path = Base.lproj/Main.storyboard; sourceTree = "<group>"; };
		2CC77658250F712B00DC855E /* Assets.xcassets */ = {isa = PBXFileReference; lastKnownFileType = folder.assetcatalog; path = Assets.xcassets; sourceTree = "<group>"; };
		2CC7765B250F712B00DC855E /* Base */ = {isa = PBXFileReference; lastKnownFileType = file.storyboard; name = Base; path = Base.lproj/LaunchScreen.storyboard; sourceTree = "<group>"; };
		2CC7765D250F712B00DC855E /* Info.plist */ = {isa = PBXFileReference; lastKnownFileType = text.plist.xml; path = Info.plist; sourceTree = "<group>"; };
		2CC77663250F730900DC855E /* CustomTabBarController.swift */ = {isa = PBXFileReference; lastKnownFileType = sourcecode.swift; path = CustomTabBarController.swift; sourceTree = "<group>"; };
		2CC77665250F75B700DC855E /* TabBarDelegate.swift */ = {isa = PBXFileReference; lastKnownFileType = sourcecode.swift; path = TabBarDelegate.swift; sourceTree = "<group>"; };
/* End PBXFileReference section */

/* Begin PBXFrameworksBuildPhase section */
		2CC77649250F712900DC855E /* Frameworks */ = {
			isa = PBXFrameworksBuildPhase;
			buildActionMask = 2147483647;
			files = (
			);
			runOnlyForDeploymentPostprocessing = 0;
		};
/* End PBXFrameworksBuildPhase section */

/* Begin PBXGroup section */
		2CC77643250F712900DC855E = {
			isa = PBXGroup;
			children = (
				2CC7764E250F712900DC855E /* CustomTabBarAnim */,
				2CC7764D250F712900DC855E /* Products */,
			);
			sourceTree = "<group>";
		};
		2CC7764D250F712900DC855E /* Products */ = {
			isa = PBXGroup;
			children = (
				2CC7764C250F712900DC855E /* CustomTabBarAnim.app */,
			);
			name = Products;
			sourceTree = "<group>";
		};
		2CC7764E250F712900DC855E /* CustomTabBarAnim */ = {
			isa = PBXGroup;
			children = (
				2CC7764F250F712900DC855E /* AppDelegate.swift */,
				2CC77653250F712900DC855E /* ViewController.swift */,
				2CC77655250F712900DC855E /* Main.storyboard */,
				2CC77658250F712B00DC855E /* Assets.xcassets */,
				2CC7765A250F712B00DC855E /* LaunchScreen.storyboard */,
				2CC7765D250F712B00DC855E /* Info.plist */,
				2CC77663250F730900DC855E /* CustomTabBarController.swift */,
				2CC77665250F75B700DC855E /* TabBarDelegate.swift */,
			);
			path = CustomTabBarAnim;
			sourceTree = "<group>";
		};
/* End PBXGroup section */

/* Begin PBXNativeTarget section */
		2CC7764B250F712900DC855E /* CustomTabBarAnim */ = {
			isa = PBXNativeTarget;
			buildConfigurationList = 2CC77660250F712B00DC855E /* Build configuration list for PBXNativeTarget "CustomTabBarAnim" */;
			buildPhases = (
				2CC77648250F712900DC855E /* Sources */,
				2CC77649250F712900DC855E /* Frameworks */,
				2CC7764A250F712900DC855E /* Resources */,
			);
			buildRules = (
			);
			dependencies = (
			);
			name = CustomTabBarAnim;
			productName = CustomTabBarAnim;
			productReference = 2CC7764C250F712900DC855E /* CustomTabBarAnim.app */;
			productType = "com.apple.product-type.application";
		};
/* End PBXNativeTarget section */

/* Begin PBXProject section */
		2CC77644250F712900DC855E /* Project object */ = {
			isa = PBXProject;
			attributes = {
				LastSwiftUpdateCheck = 1160;
				LastUpgradeCheck = 1160;
				ORGANIZATIONNAME = MB;
				TargetAttributes = {
					2CC7764B250F712900DC855E = {
						CreatedOnToolsVersion = 11.6;
					};
				};
			};
			buildConfigurationList = 2CC77647250F712900DC855E /* Build configuration list for PBXProject "CustomTabBarAnim" */;
			compatibilityVersion = "Xcode 9.3";
			developmentRegion = en;
			hasScannedForEncodings = 0;
			knownRegions = (
				en,
				Base,
			);
			mainGroup = 2CC77643250F712900DC855E;
			productRefGroup = 2CC7764D250F712900DC855E /* Products */;
			projectDirPath = "";
			projectRoot = "";
			targets = (
				2CC7764B250F712900DC855E /* CustomTabBarAnim */,
			);
		};
/* End PBXProject section */

/* Begin PBXResourcesBuildPhase section */
		2CC7764A250F712900DC855E /* Resources */ = {
			isa = PBXResourcesBuildPhase;
			buildActionMask = 2147483647;
			files = (
				2CC7765C250F712B00DC855E /* LaunchScreen.storyboard in Resources */,
				2CC77659250F712B00DC855E /* Assets.xcassets in Resources */,
				2CC77657250F712900DC855E /* Main.storyboard in Resources */,
			);
			runOnlyForDeploymentPostprocessing = 0;
		};
/* End PBXResourcesBuildPhase section */

/* Begin PBXSourcesBuildPhase section */
		2CC77648250F712900DC855E /* Sources */ = {
			isa = PBXSourcesBuildPhase;
			buildActionMask = 2147483647;
			files = (
				2CC77654250F712900DC855E /* ViewController.swift in Sources */,
				2CC77650250F712900DC855E /* AppDelegate.swift in Sources */,
				2CC77666250F75B700DC855E /* TabBarDelegate.swift in Sources */,
				2CC77664250F730900DC855E /* CustomTabBarController.swift in Sources */,
			);
			runOnlyForDeploymentPostprocessing = 0;
		};
/* End PBXSourcesBuildPhase section */

/* Begin PBXVariantGroup section */
		2CC77655250F712900DC855E /* Main.storyboard */ = {
			isa = PBXVariantGroup;
			children = (
				2CC77656250F712900DC855E /* Base */,
			);
			name = Main.storyboard;
			sourceTree = "<group>";
		};
		2CC7765A250F712B00DC855E /* LaunchScreen.storyboard */ = {
			isa = PBXVariantGroup;
			children = (
				2CC7765B250F712B00DC855E /* Base */,
			);
			name = LaunchScreen.storyboard;
			sourceTree = "<group>";
		};
/* End PBXVariantGroup section */

/* Begin XCBuildConfiguration section */
		2CC7765E250F712B00DC855E /* Debug */ = {
			isa = XCBuildConfiguration;
			buildSettings = {
				ALWAYS_SEARCH_USER_PATHS = NO;
				CLANG_ANALYZER_NONNULL = YES;
				CLANG_ANALYZER_NUMBER_OBJECT_CONVERSION = YES_AGGRESSIVE;
				CLANG_CXX_LANGUAGE_STANDARD = "gnu++14";
				CLANG_CXX_LIBRARY = "libc++";
				CLANG_ENABLE_MODULES = YES;
				CLANG_ENABLE_OBJC_ARC = YES;
				CLANG_ENABLE_OBJC_WEAK = YES;
				CLANG_WARN_BLOCK_CAPTURE_AUTORELEASING = YES;
				CLANG_WARN_BOOL_CONVERSION = YES;
				CLANG_WARN_COMMA = YES;
				CLANG_WARN_CONSTANT_CONVERSION = YES;
				CLANG_WARN_DEPRECATED_OBJC_IMPLEMENTATIONS = YES;
				CLANG_WARN_DIRECT_OBJC_ISA_USAGE = YES_ERROR;
				CLANG_WARN_DOCUMENTATION_COMMENTS = YES;
				CLANG_WARN_EMPTY_BODY = YES;
				CLANG_WARN_ENUM_CONVERSION = YES;
				CLANG_WARN_INFINITE_RECURSION = YES;
				CLANG_WARN_INT_CONVERSION = YES;
				CLANG_WARN_NON_LITERAL_NULL_CONVERSION = YES;
				CLANG_WARN_OBJC_IMPLICIT_RETAIN_SELF = YES;
				CLANG_WARN_OBJC_LITERAL_CONVERSION = YES;
				CLANG_WARN_OBJC_ROOT_CLASS = YES_ERROR;
				CLANG_WARN_RANGE_LOOP_ANALYSIS = YES;
				CLANG_WARN_STRICT_PROTOTYPES = YES;
				CLANG_WARN_SUSPICIOUS_MOVE = YES;
				CLANG_WARN_UNGUARDED_AVAILABILITY = YES_AGGRESSIVE;
				CLANG_WARN_UNREACHABLE_CODE = YES;
				CLANG_WARN__DUPLICATE_METHOD_MATCH = YES;
				COPY_PHASE_STRIP = NO;
				DEBUG_INFORMATION_FORMAT = dwarf;
				ENABLE_STRICT_OBJC_MSGSEND = YES;
				ENABLE_TESTABILITY = YES;
				GCC_C_LANGUAGE_STANDARD = gnu11;
				GCC_DYNAMIC_NO_PIC = NO;
				GCC_NO_COMMON_BLOCKS = YES;
				GCC_OPTIMIZATION_LEVEL = 0;
				GCC_PREPROCESSOR_DEFINITIONS = (
					"DEBUG=1",
					"$(inherited)",
				);
				GCC_WARN_64_TO_32_BIT_CONVERSION = YES;
				GCC_WARN_ABOUT_RETURN_TYPE = YES_ERROR;
				GCC_WARN_UNDECLARED_SELECTOR = YES;
				GCC_WARN_UNINITIALIZED_AUTOS = YES_AGGRESSIVE;
				GCC_WARN_UNUSED_FUNCTION = YES;
				GCC_WARN_UNUSED_VARIABLE = YES;
				IPHONEOS_DEPLOYMENT_TARGET = 13.6;
				MTL_ENABLE_DEBUG_INFO = INCLUDE_SOURCE;
				MTL_FAST_MATH = YES;
				ONLY_ACTIVE_ARCH = YES;
				SDKROOT = iphoneos;
				SWIFT_ACTIVE_COMPILATION_CONDITIONS = DEBUG;
				SWIFT_OPTIMIZATION_LEVEL = "-Onone";
			};
			name = Debug;
		};
		2CC7765F250F712B00DC855E /* Release */ = {
			isa = XCBuildConfiguration;
			buildSettings = {
				ALWAYS_SEARCH_USER_PATHS = NO;
				CLANG_ANALYZER_NONNULL = YES;
				CLANG_ANALYZER_NUMBER_OBJECT_CONVERSION = YES_AGGRESSIVE;
				CLANG_CXX_LANGUAGE_STANDARD = "gnu++14";
				CLANG_CXX_LIBRARY = "libc++";
				CLANG_ENABLE_MODULES = YES;
				CLANG_ENABLE_OBJC_ARC = YES;
				CLANG_ENABLE_OBJC_WEAK = YES;
				CLANG_WARN_BLOCK_CAPTURE_AUTORELEASING = YES;
				CLANG_WARN_BOOL_CONVERSION = YES;
				CLANG_WARN_COMMA = YES;
				CLANG_WARN_CONSTANT_CONVERSION = YES;
				CLANG_WARN_DEPRECATED_OBJC_IMPLEMENTATIONS = YES;
				CLANG_WARN_DIRECT_OBJC_ISA_USAGE = YES_ERROR;
				CLANG_WARN_DOCUMENTATION_COMMENTS = YES;
				CLANG_WARN_EMPTY_BODY = YES;
				CLANG_WARN_ENUM_CONVERSION = YES;
				CLANG_WARN_INFINITE_RECURSION = YES;
				CLANG_WARN_INT_CONVERSION = YES;
				CLANG_WARN_NON_LITERAL_NULL_CONVERSION = YES;
				CLANG_WARN_OBJC_IMPLICIT_RETAIN_SELF = YES;
				CLANG_WARN_OBJC_LITERAL_CONVERSION = YES;
				CLANG_WARN_OBJC_ROOT_CLASS = YES_ERROR;
				CLANG_WARN_RANGE_LOOP_ANALYSIS = YES;
				CLANG_WARN_STRICT_PROTOTYPES = YES;
				CLANG_WARN_SUSPICIOUS_MOVE = YES;
				CLANG_WARN_UNGUARDED_AVAILABILITY = YES_AGGRESSIVE;
				CLANG_WARN_UNREACHABLE_CODE = YES;
				CLANG_WARN__DUPLICATE_METHOD_MATCH = YES;
				COPY_PHASE_STRIP = NO;
				DEBUG_INFORMATION_FORMAT = "dwarf-with-dsym";
				ENABLE_NS_ASSERTIONS = NO;
				ENABLE_STRICT_OBJC_MSGSEND = YES;
				GCC_C_LANGUAGE_STANDARD = gnu11;
				GCC_NO_COMMON_BLOCKS = YES;
				GCC_WARN_64_TO_32_BIT_CONVERSION = YES;
				GCC_WARN_ABOUT_RETURN_TYPE = YES_ERROR;
				GCC_WARN_UNDECLARED_SELECTOR = YES;
				GCC_WARN_UNINITIALIZED_AUTOS = YES_AGGRESSIVE;
				GCC_WARN_UNUSED_FUNCTION = YES;
				GCC_WARN_UNUSED_VARIABLE = YES;
				IPHONEOS_DEPLOYMENT_TARGET = 13.6;
				MTL_ENABLE_DEBUG_INFO = NO;
				MTL_FAST_MATH = YES;
				SDKROOT = iphoneos;
				SWIFT_COMPILATION_MODE = wholemodule;
				SWIFT_OPTIMIZATION_LEVEL = "-O";
				VALIDATE_PRODUCT = YES;
			};
			name = Release;
		};
		2CC77661250F712B00DC855E /* Debug */ = {
			isa = XCBuildConfiguration;
			buildSettings = {
				ASSETCATALOG_COMPILER_APPICON_NAME = AppIcon;
				CODE_SIGN_STYLE = Automatic;
				DEVELOPMENT_TEAM = T85JF8Y85D;
				INFOPLIST_FILE = CustomTabBarAnim/Info.plist;
				LD_RUNPATH_SEARCH_PATHS = (
					"$(inherited)",
					"@executable_path/Frameworks",
				);
				PRODUCT_BUNDLE_IDENTIFIER = com.mb.CustomTabBarAnim;
				PRODUCT_NAME = "$(TARGET_NAME)";
				SWIFT_VERSION = 5.0;
				TARGETED_DEVICE_FAMILY = "1,2";
			};
			name = Debug;
		};
		2CC77662250F712B00DC855E /* Release */ = {
			isa = XCBuildConfiguration;
			buildSettings = {
				ASSETCATALOG_COMPILER_APPICON_NAME = AppIcon;
				CODE_SIGN_STYLE = Automatic;
				DEVELOPMENT_TEAM = T85JF8Y85D;
				INFOPLIST_FILE = CustomTabBarAnim/Info.plist;
				LD_RUNPATH_SEARCH_PATHS = (
					"$(inherited)",
					"@executable_path/Frameworks",
				);
				PRODUCT_BUNDLE_IDENTIFIER = com.mb.CustomTabBarAnim;
				PRODUCT_NAME = "$(TARGET_NAME)";
				SWIFT_VERSION = 5.0;
				TARGETED_DEVICE_FAMILY = "1,2";
			};
			name = Release;
		};
/* End XCBuildConfiguration section */

/* Begin XCConfigurationList section */
		2CC77647250F712900DC855E /* Build configuration list for PBXProject "CustomTabBarAnim" */ = {
			isa = XCConfigurationList;
			buildConfigurations = (
				2CC7765E250F712B00DC855E /* Debug */,
				2CC7765F250F712B00DC855E /* Release */,
			);
			defaultConfigurationIsVisible = 0;
			defaultConfigurationName = Release;
		};
		2CC77660250F712B00DC855E /* Build configuration list for PBXNativeTarget "CustomTabBarAnim" */ = {
			isa = XCConfigurationList;
			buildConfigurations = (
				2CC77661250F712B00DC855E /* Debug */,
				2CC77662250F712B00DC855E /* Release */,
			);
			defaultConfigurationIsVisible = 0;
			defaultConfigurationName = Release;
		};
/* End XCConfigurationList section */
	};
	rootObject = 2CC77644250F712900DC855E /* Project object */;
}
